
Microsoft Visual Studio Solution File, Format Version 12.00
# Visual Studio Version 17
VisualStudioVersion = 17.5.33530.505
MinimumVisualStudioVersion = 10.0.40219.1
Project("{FAE04EC0-301F-11D3-BF4B-00C04F79EFBC}") = "ChallengeApp", "ChallengeApp\ChallengeApp.csproj", "{919B2F8D-9CBB-438A-8513-90A870BA0B04}"
EndProject
Global
	GlobalSection(SolutionConfigurationPlatforms) = preSolution
		Debug|Any CPU = Debug|Any CPU
		Release|Any CPU = Release|Any CPU
	EndGlobalSection
	GlobalSection(ProjectConfigurationPlatforms) = postSolution
		{919B2F8D-9CBB-438A-8513-90A870BA0B04}.Debug|Any CPU.ActiveCfg = Debug|Any CPU
		{919B2F8D-9CBB-438A-8513-90A870BA0B04}.Debug|Any CPU.Build.0 = Debug|Any CPU
		{919B2F8D-9CBB-438A-8513-90A870BA0B04}.Release|Any CPU.ActiveCfg = Release|Any CPU
		{919B2F8D-9CBB-438A-8513-90A870BA0B04}.Release|Any CPU.Build.0 = Release|Any CPU
	EndGlobalSection
	GlobalSection(SolutionProperties) = preSolution
		HideSolutionNode = FALSE
	EndGlobalSection
	GlobalSection(ExtensibilityGlobals) = postSolution
		SolutionGuid = {632ACA2C-B492-4D68-AA43-DA2FACDDB967}
	EndGlobalSection
EndGlobal
